
Microsoft Visual Studio Solution File, Format Version 12.00
# Visual Studio 2013
VisualStudioVersion = 12.0.40629.0
MinimumVisualStudioVersion = 10.0.40219.1
Project("{FAE04EC0-301F-11D3-BF4B-00C04F79EFBC}") = "FrontView", "FrontView.csproj", "{EC10C6B5-D1E9-4EE1-88DC-C780AF8001FE}"
	ProjectSection(ProjectDependencies) = postProject
		{B1E49431-4A09-4EF2-BC40-1B19644C997F} = {B1E49431-4A09-4EF2-BC40-1B19644C997F}
		{19A21753-4B07-4118-A1B6-35E14241D71E} = {19A21753-4B07-4118-A1B6-35E14241D71E}
		{F10A6A7D-B8E4-4F8B-8BD9-5B42ACE5520E} = {F10A6A7D-B8E4-4F8B-8BD9-5B42ACE5520E}
		{8B79A0A5-6D34-4DFA-829B-5288B8F41845} = {8B79A0A5-6D34-4DFA-829B-5288B8F41845}
	EndProjectSection
EndProject
Project("{FAE04EC0-301F-11D3-BF4B-00C04F79EFBC}") = "FluidKit", "System\FluidKit\FluidKit.csproj", "{75541544-BF77-4FDC-B03B-BC0DBEBFB8F5}"
EndProject
Project("{FAE04EC0-301F-11D3-BF4B-00C04F79EFBC}") = "Jayrock.Json", "Plugins\Jayrock.Json\Jayrock.Json.csproj", "{F10A6A7D-B8E4-4F8B-8BD9-5B42ACE5520E}"
EndProject
Project("{FAE04EC0-301F-11D3-BF4B-00C04F79EFBC}") = "Plugin", "System\Plugin\Plugin.csproj", "{F3B059ED-74F3-4B6D-BF1C-7B2BBF515B0D}"
EndProject
Project("{FAE04EC0-301F-11D3-BF4B-00C04F79EFBC}") = "Yatse2Setup", "..\Yatse2Setup\Yatse2Setup.csproj", "{B1E49431-4A09-4EF2-BC40-1B19644C997F}"
EndProject
Project("{FAE04EC0-301F-11D3-BF4B-00C04F79EFBC}") = "Setup", "System\Setup\Setup.csproj", "{548143A8-C4EB-4382-B41A-1B6B78513723}"
EndProject
Project("{FAE04EC0-301F-11D3-BF4B-00C04F79EFBC}") = "Yatse2SetupManager", "..\Yatse2SetupManager\Yatse2SetupManager.csproj", "{8B79A0A5-6D34-4DFA-829B-5288B8F41845}"
EndProject
Project("{FAE04EC0-301F-11D3-BF4B-00C04F79EFBC}") = "Remote.XBMC.Frodo", "Plugins\Remote.XBMC.Frodo\Remote.XBMC.Frodo.csproj", "{19A21753-4B07-4118-A1B6-35E14241D71E}"
EndProject
Project("{FAE04EC0-301F-11D3-BF4B-00C04F79EFBC}") = "Remote.Plex", "Plugins\Remote.Plex\Remote.Plex.csproj", "{018675A1-5842-4914-820F-2B956366234C}"
EndProject
Project("{FAE04EC0-301F-11D3-BF4B-00C04F79EFBC}") = "Remote.Emby", "Plugins\Remote.Emby\Remote.Emby.csproj", "{7684EFF6-B8EB-4AE1-BAE1-31E5B7978B17}"
EndProject
Project("{2150E333-8FDC-42A3-9474-1A3956D46DE8}") = "Solution Items", "Solution Items", "{CAFA931F-9CF9-44F4-A1D7-BEEFE8A84360}"
	ProjectSection(SolutionItems) = preProject
		Performance1.psess = Performance1.psess
		Performance2.psess = Performance2.psess
	EndProjectSection
EndProject
Global
	GlobalSection(SolutionConfigurationPlatforms) = preSolution
		Debug Any CPU|Any CPU = Debug Any CPU|Any CPU
		Debug Any CPU|Mixed Platforms = Debug Any CPU|Mixed Platforms
		Debug Any CPU|x64 = Debug Any CPU|x64
		Debug Any CPU|x86 = Debug Any CPU|x86
		Debug|Any CPU = Debug|Any CPU
		Debug|Mixed Platforms = Debug|Mixed Platforms
		Debug|x64 = Debug|x64
		Debug|x86 = Debug|x86
		Release X64|Any CPU = Release X64|Any CPU
		Release X64|Mixed Platforms = Release X64|Mixed Platforms
		Release X64|x64 = Release X64|x64
		Release X64|x86 = Release X64|x86
		Release X86|Any CPU = Release X86|Any CPU
		Release X86|Mixed Platforms = Release X86|Mixed Platforms
		Release X86|x64 = Release X86|x64
		Release X86|x86 = Release X86|x86
		Release|Any CPU = Release|Any CPU
		Release|Mixed Platforms = Release|Mixed Platforms
		Release|x64 = Release|x64
		Release|x86 = Release|x86
	EndGlobalSection
	GlobalSection(ProjectConfigurationPlatforms) = postSolution
		{EC10C6B5-D1E9-4EE1-88DC-C780AF8001FE}.Debug Any CPU|Any CPU.ActiveCfg = Debug Any CPU|Any CPU
		{EC10C6B5-D1E9-4EE1-88DC-C780AF8001FE}.Debug Any CPU|Any CPU.Build.0 = Debug Any CPU|Any CPU
		{EC10C6B5-D1E9-4EE1-88DC-C780AF8001FE}.Debug Any CPU|Mixed Platforms.ActiveCfg = Debug Any CPU|Any CPU
		{EC10C6B5-D1E9-4EE1-88DC-C780AF8001FE}.Debug Any CPU|Mixed Platforms.Build.0 = Debug Any CPU|Any CPU
		{EC10C6B5-D1E9-4EE1-88DC-C780AF8001FE}.Debug Any CPU|x64.ActiveCfg = Debug Any CPU|x64
		{EC10C6B5-D1E9-4EE1-88DC-C780AF8001FE}.Debug Any CPU|x64.Build.0 = Debug Any CPU|x64
		{EC10C6B5-D1E9-4EE1-88DC-C780AF8001FE}.Debug Any CPU|x86.ActiveCfg = Debug Any CPU|x86
		{EC10C6B5-D1E9-4EE1-88DC-C780AF8001FE}.Debug Any CPU|x86.Build.0 = Debug Any CPU|x86
		{EC10C6B5-D1E9-4EE1-88DC-C780AF8001FE}.Debug|Any CPU.ActiveCfg = Debug|x86
		{EC10C6B5-D1E9-4EE1-88DC-C780AF8001FE}.Debug|Any CPU.Build.0 = Debug|x86
		{EC10C6B5-D1E9-4EE1-88DC-C780AF8001FE}.Debug|Mixed Platforms.ActiveCfg = Debug|x86
		{EC10C6B5-D1E9-4EE1-88DC-C780AF8001FE}.Debug|Mixed Platforms.Build.0 = Debug|x86
		{EC10C6B5-D1E9-4EE1-88DC-C780AF8001FE}.Debug|x64.ActiveCfg = Debug|x64
		{EC10C6B5-D1E9-4EE1-88DC-C780AF8001FE}.Debug|x64.Build.0 = Debug|x64
		{EC10C6B5-D1E9-4EE1-88DC-C780AF8001FE}.Debug|x86.ActiveCfg = Debug|x86
		{EC10C6B5-D1E9-4EE1-88DC-C780AF8001FE}.Debug|x86.Build.0 = Debug|x86
		{EC10C6B5-D1E9-4EE1-88DC-C780AF8001FE}.Release X64|Any CPU.ActiveCfg = Release X64|Any CPU
		{EC10C6B5-D1E9-4EE1-88DC-C780AF8001FE}.Release X64|Any CPU.Build.0 = Release X64|Any CPU
		{EC10C6B5-D1E9-4EE1-88DC-C780AF8001FE}.Release X64|Mixed Platforms.ActiveCfg = Release X64|x64
		{EC10C6B5-D1E9-4EE1-88DC-C780AF8001FE}.Release X64|Mixed Platforms.Build.0 = Release X64|x64
		{EC10C6B5-D1E9-4EE1-88DC-C780AF8001FE}.Release X64|x64.ActiveCfg = Release X64|x64
		{EC10C6B5-D1E9-4EE1-88DC-C780AF8001FE}.Release X64|x64.Build.0 = Release X64|x64
		{EC10C6B5-D1E9-4EE1-88DC-C780AF8001FE}.Release X64|x86.ActiveCfg = Release X64|x86
		{EC10C6B5-D1E9-4EE1-88DC-C780AF8001FE}.Release X64|x86.Build.0 = Release X64|x86
		{EC10C6B5-D1E9-4EE1-88DC-C780AF8001FE}.Release X86|Any CPU.ActiveCfg = Release|Any CPU
		{EC10C6B5-D1E9-4EE1-88DC-C780AF8001FE}.Release X86|Any CPU.Build.0 = Release|Any CPU
		{EC10C6B5-D1E9-4EE1-88DC-C780AF8001FE}.Release X86|Mixed Platforms.ActiveCfg = Release|x86
		{EC10C6B5-D1E9-4EE1-88DC-C780AF8001FE}.Release X86|Mixed Platforms.Build.0 = Release|x86
		{EC10C6B5-D1E9-4EE1-88DC-C780AF8001FE}.Release X86|x64.ActiveCfg = Release|x64
		{EC10C6B5-D1E9-4EE1-88DC-C780AF8001FE}.Release X86|x64.Build.0 = Release|x64
		{EC10C6B5-D1E9-4EE1-88DC-C780AF8001FE}.Release X86|x86.ActiveCfg = Release|x86
		{EC10C6B5-D1E9-4EE1-88DC-C780AF8001FE}.Release X86|x86.Build.0 = Release|x86
		{EC10C6B5-D1E9-4EE1-88DC-C780AF8001FE}.Release|Any CPU.ActiveCfg = Release|Any CPU
		{EC10C6B5-D1E9-4EE1-88DC-C780AF8001FE}.Release|Any CPU.Build.0 = Release|Any CPU
		{EC10C6B5-D1E9-4EE1-88DC-C780AF8001FE}.Release|Mixed Platforms.ActiveCfg = Release|Any CPU
		{EC10C6B5-D1E9-4EE1-88DC-C780AF8001FE}.Release|Mixed Platforms.Build.0 = Release|Any CPU
		{EC10C6B5-D1E9-4EE1-88DC-C780AF8001FE}.Release|x64.ActiveCfg = Release|x64
		{EC10C6B5-D1E9-4EE1-88DC-C780AF8001FE}.Release|x64.Build.0 = Release|x64
		{EC10C6B5-D1E9-4EE1-88DC-C780AF8001FE}.Release|x86.ActiveCfg = Release|x86
		{EC10C6B5-D1E9-4EE1-88DC-C780AF8001FE}.Release|x86.Build.0 = Release|x86
		{75541544-BF77-4FDC-B03B-BC0DBEBFB8F5}.Debug Any CPU|Any CPU.ActiveCfg = Debug Any CPU|Any CPU
		{75541544-BF77-4FDC-B03B-BC0DBEBFB8F5}.Debug Any CPU|Any CPU.Build.0 = Debug Any CPU|Any CPU
		{75541544-BF77-4FDC-B03B-BC0DBEBFB8F5}.Debug Any CPU|Mixed Platforms.ActiveCfg = Debug Any CPU|Any CPU
		{75541544-BF77-4FDC-B03B-BC0DBEBFB8F5}.Debug Any CPU|Mixed Platforms.Build.0 = Debug Any CPU|Any CPU
		{75541544-BF77-4FDC-B03B-BC0DBEBFB8F5}.Debug Any CPU|x64.ActiveCfg = Debug Any CPU|x64
		{75541544-BF77-4FDC-B03B-BC0DBEBFB8F5}.Debug Any CPU|x64.Build.0 = Debug Any CPU|x64
		{75541544-BF77-4FDC-B03B-BC0DBEBFB8F5}.Debug Any CPU|x86.ActiveCfg = Debug Any CPU|x86
		{75541544-BF77-4FDC-B03B-BC0DBEBFB8F5}.Debug Any CPU|x86.Build.0 = Debug Any CPU|x86
		{75541544-BF77-4FDC-B03B-BC0DBEBFB8F5}.Debug|Any CPU.ActiveCfg = Debug|x86
		{75541544-BF77-4FDC-B03B-BC0DBEBFB8F5}.Debug|Any CPU.Build.0 = Debug|x86
		{75541544-BF77-4FDC-B03B-BC0DBEBFB8F5}.Debug|Mixed Platforms.ActiveCfg = Debug|x86
		{75541544-BF77-4FDC-B03B-BC0DBEBFB8F5}.Debug|Mixed Platforms.Build.0 = Debug|x86
		{75541544-BF77-4FDC-B03B-BC0DBEBFB8F5}.Debug|Mixed Platforms.Deploy.0 = Debug|x86
		{75541544-BF77-4FDC-B03B-BC0DBEBFB8F5}.Debug|x64.ActiveCfg = Debug|x64
		{75541544-BF77-4FDC-B03B-BC0DBEBFB8F5}.Debug|x64.Build.0 = Debug|x64
		{75541544-BF77-4FDC-B03B-BC0DBEBFB8F5}.Debug|x86.ActiveCfg = Debug|x86
		{75541544-BF77-4FDC-B03B-BC0DBEBFB8F5}.Debug|x86.Build.0 = Debug|x86
		{75541544-BF77-4FDC-B03B-BC0DBEBFB8F5}.Release X64|Any CPU.ActiveCfg = Release X64|Any CPU
		{75541544-BF77-4FDC-B03B-BC0DBEBFB8F5}.Release X64|Any CPU.Build.0 = Release X64|Any CPU
		{75541544-BF77-4FDC-B03B-BC0DBEBFB8F5}.Release X64|Mixed Platforms.ActiveCfg = Release X64|x64
		{75541544-BF77-4FDC-B03B-BC0DBEBFB8F5}.Release X64|Mixed Platforms.Build.0 = Release X64|x64
		{75541544-BF77-4FDC-B03B-BC0DBEBFB8F5}.Release X64|x64.ActiveCfg = Release X64|x64
		{75541544-BF77-4FDC-B03B-BC0DBEBFB8F5}.Release X64|x64.Build.0 = Release X64|x64
		{75541544-BF77-4FDC-B03B-BC0DBEBFB8F5}.Release X64|x86.ActiveCfg = Release X64|x86
		{75541544-BF77-4FDC-B03B-BC0DBEBFB8F5}.Release X64|x86.Build.0 = Release X64|x86
		{75541544-BF77-4FDC-B03B-BC0DBEBFB8F5}.Release X86|Any CPU.ActiveCfg = Release|Any CPU
		{75541544-BF77-4FDC-B03B-BC0DBEBFB8F5}.Release X86|Any CPU.Build.0 = Release|Any CPU
		{75541544-BF77-4FDC-B03B-BC0DBEBFB8F5}.Release X86|Mixed Platforms.ActiveCfg = Release|x86
		{75541544-BF77-4FDC-B03B-BC0DBEBFB8F5}.Release X86|Mixed Platforms.Build.0 = Release|x86
		{75541544-BF77-4FDC-B03B-BC0DBEBFB8F5}.Release X86|x64.ActiveCfg = Release|x64
		{75541544-BF77-4FDC-B03B-BC0DBEBFB8F5}.Release X86|x64.Build.0 = Release|x64
		{75541544-BF77-4FDC-B03B-BC0DBEBFB8F5}.Release X86|x86.ActiveCfg = Release|x86
		{75541544-BF77-4FDC-B03B-BC0DBEBFB8F5}.Release X86|x86.Build.0 = Release|x86
		{75541544-BF77-4FDC-B03B-BC0DBEBFB8F5}.Release|Any CPU.ActiveCfg = Release|Any CPU
		{75541544-BF77-4FDC-B03B-BC0DBEBFB8F5}.Release|Any CPU.Build.0 = Release|Any CPU
		{75541544-BF77-4FDC-B03B-BC0DBEBFB8F5}.Release|Mixed Platforms.ActiveCfg = Release|x86
		{75541544-BF77-4FDC-B03B-BC0DBEBFB8F5}.Release|Mixed Platforms.Build.0 = Release|x86
		{75541544-BF77-4FDC-B03B-BC0DBEBFB8F5}.Release|x64.ActiveCfg = Release|x64
		{75541544-BF77-4FDC-B03B-BC0DBEBFB8F5}.Release|x64.Build.0 = Release|x64
		{75541544-BF77-4FDC-B03B-BC0DBEBFB8F5}.Release|x86.ActiveCfg = Release|x86
		{75541544-BF77-4FDC-B03B-BC0DBEBFB8F5}.Release|x86.Build.0 = Release|x86
		{F10A6A7D-B8E4-4F8B-8BD9-5B42ACE5520E}.Debug Any CPU|Any CPU.ActiveCfg = Debug|Any CPU
		{F10A6A7D-B8E4-4F8B-8BD9-5B42ACE5520E}.Debug Any CPU|Any CPU.Build.0 = Debug|Any CPU
		{F10A6A7D-B8E4-4F8B-8BD9-5B42ACE5520E}.Debug Any CPU|Mixed Platforms.ActiveCfg = Debug|Any CPU
		{F10A6A7D-B8E4-4F8B-8BD9-5B42ACE5520E}.Debug Any CPU|Mixed Platforms.Build.0 = Debug|Any CPU
		{F10A6A7D-B8E4-4F8B-8BD9-5B42ACE5520E}.Debug Any CPU|x64.ActiveCfg = Debug|Any CPU
		{F10A6A7D-B8E4-4F8B-8BD9-5B42ACE5520E}.Debug Any CPU|x86.ActiveCfg = Debug|Any CPU
		{F10A6A7D-B8E4-4F8B-8BD9-5B42ACE5520E}.Debug|Any CPU.ActiveCfg = Debug|Any CPU
		{F10A6A7D-B8E4-4F8B-8BD9-5B42ACE5520E}.Debug|Any CPU.Build.0 = Debug|Any CPU
		{F10A6A7D-B8E4-4F8B-8BD9-5B42ACE5520E}.Debug|Mixed Platforms.ActiveCfg = Debug|Any CPU
		{F10A6A7D-B8E4-4F8B-8BD9-5B42ACE5520E}.Debug|Mixed Platforms.Build.0 = Debug|Any CPU
		{F10A6A7D-B8E4-4F8B-8BD9-5B42ACE5520E}.Debug|x64.ActiveCfg = Debug|Any CPU
		{F10A6A7D-B8E4-4F8B-8BD9-5B42ACE5520E}.Debug|x86.ActiveCfg = Debug|Any CPU
		{F10A6A7D-B8E4-4F8B-8BD9-5B42ACE5520E}.Release X64|Any CPU.ActiveCfg = Release|Any CPU
		{F10A6A7D-B8E4-4F8B-8BD9-5B42ACE5520E}.Release X64|Any CPU.Build.0 = Release|Any CPU
		{F10A6A7D-B8E4-4F8B-8BD9-5B42ACE5520E}.Release X64|Mixed Platforms.ActiveCfg = Release|Any CPU
		{F10A6A7D-B8E4-4F8B-8BD9-5B42ACE5520E}.Release X64|Mixed Platforms.Build.0 = Release|Any CPU
		{F10A6A7D-B8E4-4F8B-8BD9-5B42ACE5520E}.Release X64|x64.ActiveCfg = Release|Any CPU
		{F10A6A7D-B8E4-4F8B-8BD9-5B42ACE5520E}.Release X64|x86.ActiveCfg = Release|Any CPU
		{F10A6A7D-B8E4-4F8B-8BD9-5B42ACE5520E}.Release X86|Any CPU.ActiveCfg = Release|Any CPU
		{F10A6A7D-B8E4-4F8B-8BD9-5B42ACE5520E}.Release X86|Any CPU.Build.0 = Release|Any CPU
		{F10A6A7D-B8E4-4F8B-8BD9-5B42ACE5520E}.Release X86|Mixed Platforms.ActiveCfg = Release|Any CPU
		{F10A6A7D-B8E4-4F8B-8BD9-5B42ACE5520E}.Release X86|Mixed Platforms.Build.0 = Release|Any CPU
		{F10A6A7D-B8E4-4F8B-8BD9-5B42ACE5520E}.Release X86|x64.ActiveCfg = Release|Any CPU
		{F10A6A7D-B8E4-4F8B-8BD9-5B42ACE5520E}.Release X86|x86.ActiveCfg = Release|Any CPU
		{F10A6A7D-B8E4-4F8B-8BD9-5B42ACE5520E}.Release|Any CPU.ActiveCfg = Release|Any CPU
		{F10A6A7D-B8E4-4F8B-8BD9-5B42ACE5520E}.Release|Any CPU.Build.0 = Release|Any CPU
		{F10A6A7D-B8E4-4F8B-8BD9-5B42ACE5520E}.Release|Mixed Platforms.ActiveCfg = Release|Any CPU
		{F10A6A7D-B8E4-4F8B-8BD9-5B42ACE5520E}.Release|Mixed Platforms.Build.0 = Release|Any CPU
		{F10A6A7D-B8E4-4F8B-8BD9-5B42ACE5520E}.Release|x64.ActiveCfg = Release|Any CPU
		{F10A6A7D-B8E4-4F8B-8BD9-5B42ACE5520E}.Release|x86.ActiveCfg = Release|Any CPU
		{F3B059ED-74F3-4B6D-BF1C-7B2BBF515B0D}.Debug Any CPU|Any CPU.ActiveCfg = Debug Any CPU|Any CPU
		{F3B059ED-74F3-4B6D-BF1C-7B2BBF515B0D}.Debug Any CPU|Any CPU.Build.0 = Debug Any CPU|Any CPU
		{F3B059ED-74F3-4B6D-BF1C-7B2BBF515B0D}.Debug Any CPU|Mixed Platforms.ActiveCfg = Debug Any CPU|Any CPU
		{F3B059ED-74F3-4B6D-BF1C-7B2BBF515B0D}.Debug Any CPU|Mixed Platforms.Build.0 = Debug Any CPU|Any CPU
		{F3B059ED-74F3-4B6D-BF1C-7B2BBF515B0D}.Debug Any CPU|x64.ActiveCfg = Debug Any CPU|Any CPU
		{F3B059ED-74F3-4B6D-BF1C-7B2BBF515B0D}.Debug Any CPU|x86.ActiveCfg = Debug Any CPU|Any CPU
		{F3B059ED-74F3-4B6D-BF1C-7B2BBF515B0D}.Debug|Any CPU.ActiveCfg = Debug|Any CPU
		{F3B059ED-74F3-4B6D-BF1C-7B2BBF515B0D}.Debug|Any CPU.Build.0 = Debug|Any CPU
		{F3B059ED-74F3-4B6D-BF1C-7B2BBF515B0D}.Debug|Any CPU.Deploy.0 = Debug|Any CPU
		{F3B059ED-74F3-4B6D-BF1C-7B2BBF515B0D}.Debug|Mixed Platforms.ActiveCfg = Debug|Any CPU
		{F3B059ED-74F3-4B6D-BF1C-7B2BBF515B0D}.Debug|Mixed Platforms.Build.0 = Debug|Any CPU
		{F3B059ED-74F3-4B6D-BF1C-7B2BBF515B0D}.Debug|x64.ActiveCfg = Debug|Any CPU
		{F3B059ED-74F3-4B6D-BF1C-7B2BBF515B0D}.Debug|x86.ActiveCfg = Debug|Any CPU
		{F3B059ED-74F3-4B6D-BF1C-7B2BBF515B0D}.Debug|x86.Build.0 = Debug|Any CPU
		{F3B059ED-74F3-4B6D-BF1C-7B2BBF515B0D}.Release X64|Any CPU.ActiveCfg = Release|Any CPU
		{F3B059ED-74F3-4B6D-BF1C-7B2BBF515B0D}.Release X64|Any CPU.Build.0 = Release|Any CPU
		{F3B059ED-74F3-4B6D-BF1C-7B2BBF515B0D}.Release X64|Mixed Platforms.ActiveCfg = Release|Any CPU
		{F3B059ED-74F3-4B6D-BF1C-7B2BBF515B0D}.Release X64|Mixed Platforms.Build.0 = Release|Any CPU
		{F3B059ED-74F3-4B6D-BF1C-7B2BBF515B0D}.Release X64|x64.ActiveCfg = Release|Any CPU
		{F3B059ED-74F3-4B6D-BF1C-7B2BBF515B0D}.Release X64|x86.ActiveCfg = Release|Any CPU
		{F3B059ED-74F3-4B6D-BF1C-7B2BBF515B0D}.Release X86|Any CPU.ActiveCfg = Release|Any CPU
		{F3B059ED-74F3-4B6D-BF1C-7B2BBF515B0D}.Release X86|Any CPU.Build.0 = Release|Any CPU
		{F3B059ED-74F3-4B6D-BF1C-7B2BBF515B0D}.Release X86|Mixed Platforms.ActiveCfg = Release|Any CPU
		{F3B059ED-74F3-4B6D-BF1C-7B2BBF515B0D}.Release X86|Mixed Platforms.Build.0 = Release|Any CPU
		{F3B059ED-74F3-4B6D-BF1C-7B2BBF515B0D}.Release X86|x64.ActiveCfg = Release|Any CPU
		{F3B059ED-74F3-4B6D-BF1C-7B2BBF515B0D}.Release X86|x86.ActiveCfg = Release|Any CPU
		{F3B059ED-74F3-4B6D-BF1C-7B2BBF515B0D}.Release X86|x86.Build.0 = Release|Any CPU
		{F3B059ED-74F3-4B6D-BF1C-7B2BBF515B0D}.Release|Any CPU.ActiveCfg = Release|Any CPU
		{F3B059ED-74F3-4B6D-BF1C-7B2BBF515B0D}.Release|Any CPU.Build.0 = Release|Any CPU
		{F3B059ED-74F3-4B6D-BF1C-7B2BBF515B0D}.Release|Mixed Platforms.ActiveCfg = Release|Any CPU
		{F3B059ED-74F3-4B6D-BF1C-7B2BBF515B0D}.Release|Mixed Platforms.Build.0 = Release|Any CPU
		{F3B059ED-74F3-4B6D-BF1C-7B2BBF515B0D}.Release|x64.ActiveCfg = Release|Any CPU
		{F3B059ED-74F3-4B6D-BF1C-7B2BBF515B0D}.Release|x86.ActiveCfg = Release|Any CPU
		{B1E49431-4A09-4EF2-BC40-1B19644C997F}.Debug Any CPU|Any CPU.ActiveCfg = Debug Any CPU|Any CPU
		{B1E49431-4A09-4EF2-BC40-1B19644C997F}.Debug Any CPU|Any CPU.Build.0 = Debug Any CPU|Any CPU
		{B1E49431-4A09-4EF2-BC40-1B19644C997F}.Debug Any CPU|Mixed Platforms.ActiveCfg = Debug Any CPU|x86
		{B1E49431-4A09-4EF2-BC40-1B19644C997F}.Debug Any CPU|Mixed Platforms.Build.0 = Debug Any CPU|x86
		{B1E49431-4A09-4EF2-BC40-1B19644C997F}.Debug Any CPU|x64.ActiveCfg = Debug Any CPU|x86
		{B1E49431-4A09-4EF2-BC40-1B19644C997F}.Debug Any CPU|x86.ActiveCfg = Debug Any CPU|x86
		{B1E49431-4A09-4EF2-BC40-1B19644C997F}.Debug Any CPU|x86.Build.0 = Debug Any CPU|x86
		{B1E49431-4A09-4EF2-BC40-1B19644C997F}.Debug|Any CPU.ActiveCfg = Debug|x86
		{B1E49431-4A09-4EF2-BC40-1B19644C997F}.Debug|Any CPU.Build.0 = Debug|x86
		{B1E49431-4A09-4EF2-BC40-1B19644C997F}.Debug|Mixed Platforms.ActiveCfg = Debug|x86
		{B1E49431-4A09-4EF2-BC40-1B19644C997F}.Debug|Mixed Platforms.Build.0 = Debug|x86
		{B1E49431-4A09-4EF2-BC40-1B19644C997F}.Debug|x64.ActiveCfg = Debug|x86
		{B1E49431-4A09-4EF2-BC40-1B19644C997F}.Debug|x86.ActiveCfg = Debug|x86
		{B1E49431-4A09-4EF2-BC40-1B19644C997F}.Debug|x86.Build.0 = Debug|x86
		{B1E49431-4A09-4EF2-BC40-1B19644C997F}.Release X64|Any CPU.ActiveCfg = Release|x86
		{B1E49431-4A09-4EF2-BC40-1B19644C997F}.Release X64|Mixed Platforms.ActiveCfg = Release|x86
		{B1E49431-4A09-4EF2-BC40-1B19644C997F}.Release X64|Mixed Platforms.Build.0 = Release|x86
		{B1E49431-4A09-4EF2-BC40-1B19644C997F}.Release X64|x64.ActiveCfg = Release|x86
		{B1E49431-4A09-4EF2-BC40-1B19644C997F}.Release X64|x86.ActiveCfg = Release|x86
		{B1E49431-4A09-4EF2-BC40-1B19644C997F}.Release X64|x86.Build.0 = Release|x86
		{B1E49431-4A09-4EF2-BC40-1B19644C997F}.Release X86|Any CPU.ActiveCfg = Release|x86
		{B1E49431-4A09-4EF2-BC40-1B19644C997F}.Release X86|Mixed Platforms.ActiveCfg = Release|x86
		{B1E49431-4A09-4EF2-BC40-1B19644C997F}.Release X86|Mixed Platforms.Build.0 = Release|x86
		{B1E49431-4A09-4EF2-BC40-1B19644C997F}.Release X86|x64.ActiveCfg = Release|x86
		{B1E49431-4A09-4EF2-BC40-1B19644C997F}.Release X86|x86.ActiveCfg = Release|x86
		{B1E49431-4A09-4EF2-BC40-1B19644C997F}.Release X86|x86.Build.0 = Release|x86
		{B1E49431-4A09-4EF2-BC40-1B19644C997F}.Release|Any CPU.ActiveCfg = Release|x86
		{B1E49431-4A09-4EF2-BC40-1B19644C997F}.Release|Mixed Platforms.ActiveCfg = Release|x86
		{B1E49431-4A09-4EF2-BC40-1B19644C997F}.Release|Mixed Platforms.Build.0 = Release|x86
		{B1E49431-4A09-4EF2-BC40-1B19644C997F}.Release|x64.ActiveCfg = Release|x86
		{B1E49431-4A09-4EF2-BC40-1B19644C997F}.Release|x86.ActiveCfg = Release|x86
		{B1E49431-4A09-4EF2-BC40-1B19644C997F}.Release|x86.Build.0 = Release|x86
		{548143A8-C4EB-4382-B41A-1B6B78513723}.Debug Any CPU|Any CPU.ActiveCfg = Debug Any CPU|Any CPU
		{548143A8-C4EB-4382-B41A-1B6B78513723}.Debug Any CPU|Any CPU.Build.0 = Debug Any CPU|Any CPU
		{548143A8-C4EB-4382-B41A-1B6B78513723}.Debug Any CPU|Mixed Platforms.ActiveCfg = Debug Any CPU|Any CPU
		{548143A8-C4EB-4382-B41A-1B6B78513723}.Debug Any CPU|Mixed Platforms.Build.0 = Debug Any CPU|Any CPU
		{548143A8-C4EB-4382-B41A-1B6B78513723}.Debug Any CPU|x64.ActiveCfg = Debug Any CPU|Any CPU
		{548143A8-C4EB-4382-B41A-1B6B78513723}.Debug Any CPU|x86.ActiveCfg = Debug Any CPU|Any CPU
		{548143A8-C4EB-4382-B41A-1B6B78513723}.Debug|Any CPU.ActiveCfg = Debug|Any CPU
		{548143A8-C4EB-4382-B41A-1B6B78513723}.Debug|Any CPU.Build.0 = Debug|Any CPU
		{548143A8-C4EB-4382-B41A-1B6B78513723}.Debug|Mixed Platforms.ActiveCfg = Debug|Any CPU
		{548143A8-C4EB-4382-B41A-1B6B78513723}.Debug|Mixed Platforms.Build.0 = Debug|Any CPU
		{548143A8-C4EB-4382-B41A-1B6B78513723}.Debug|x64.ActiveCfg = Debug|Any CPU
		{548143A8-C4EB-4382-B41A-1B6B78513723}.Debug|x86.ActiveCfg = Debug|Any CPU
		{548143A8-C4EB-4382-B41A-1B6B78513723}.Debug|x86.Build.0 = Debug|Any CPU
		{548143A8-C4EB-4382-B41A-1B6B78513723}.Release X64|Any CPU.ActiveCfg = Release|Any CPU
		{548143A8-C4EB-4382-B41A-1B6B78513723}.Release X64|Any CPU.Build.0 = Release|Any CPU
		{548143A8-C4EB-4382-B41A-1B6B78513723}.Release X64|Mixed Platforms.ActiveCfg = Release|Any CPU
		{548143A8-C4EB-4382-B41A-1B6B78513723}.Release X64|Mixed Platforms.Build.0 = Release|Any CPU
		{548143A8-C4EB-4382-B41A-1B6B78513723}.Release X64|x64.ActiveCfg = Release|Any CPU
		{548143A8-C4EB-4382-B41A-1B6B78513723}.Release X64|x86.ActiveCfg = Release|Any CPU
		{548143A8-C4EB-4382-B41A-1B6B78513723}.Release X86|Any CPU.ActiveCfg = Release|Any CPU
		{548143A8-C4EB-4382-B41A-1B6B78513723}.Release X86|Any CPU.Build.0 = Release|Any CPU
		{548143A8-C4EB-4382-B41A-1B6B78513723}.Release X86|Mixed Platforms.ActiveCfg = Release|Any CPU
		{548143A8-C4EB-4382-B41A-1B6B78513723}.Release X86|Mixed Platforms.Build.0 = Release|Any CPU
		{548143A8-C4EB-4382-B41A-1B6B78513723}.Release X86|x64.ActiveCfg = Release|Any CPU
		{548143A8-C4EB-4382-B41A-1B6B78513723}.Release X86|x86.ActiveCfg = Release|Any CPU
		{548143A8-C4EB-4382-B41A-1B6B78513723}.Release X86|x86.Build.0 = Release|Any CPU
		{548143A8-C4EB-4382-B41A-1B6B78513723}.Release|Any CPU.ActiveCfg = Release|Any CPU
		{548143A8-C4EB-4382-B41A-1B6B78513723}.Release|Any CPU.Build.0 = Release|Any CPU
		{548143A8-C4EB-4382-B41A-1B6B78513723}.Release|Mixed Platforms.ActiveCfg = Release|Any CPU
		{548143A8-C4EB-4382-B41A-1B6B78513723}.Release|Mixed Platforms.Build.0 = Release|Any CPU
		{548143A8-C4EB-4382-B41A-1B6B78513723}.Release|x64.ActiveCfg = Release|Any CPU
		{548143A8-C4EB-4382-B41A-1B6B78513723}.Release|x86.ActiveCfg = Release|Any CPU
		{8B79A0A5-6D34-4DFA-829B-5288B8F41845}.Debug Any CPU|Any CPU.ActiveCfg = Debug Any CPU|Any CPU
		{8B79A0A5-6D34-4DFA-829B-5288B8F41845}.Debug Any CPU|Any CPU.Build.0 = Debug Any CPU|Any CPU
		{8B79A0A5-6D34-4DFA-829B-5288B8F41845}.Debug Any CPU|Mixed Platforms.ActiveCfg = Debug Any CPU|x86
		{8B79A0A5-6D34-4DFA-829B-5288B8F41845}.Debug Any CPU|Mixed Platforms.Build.0 = Debug Any CPU|x86
		{8B79A0A5-6D34-4DFA-829B-5288B8F41845}.Debug Any CPU|x64.ActiveCfg = Debug Any CPU|x86
		{8B79A0A5-6D34-4DFA-829B-5288B8F41845}.Debug Any CPU|x86.ActiveCfg = Debug Any CPU|x86
		{8B79A0A5-6D34-4DFA-829B-5288B8F41845}.Debug Any CPU|x86.Build.0 = Debug Any CPU|x86
		{8B79A0A5-6D34-4DFA-829B-5288B8F41845}.Debug|Any CPU.ActiveCfg = Debug|x86
		{8B79A0A5-6D34-4DFA-829B-5288B8F41845}.Debug|Any CPU.Build.0 = Debug|x86
		{8B79A0A5-6D34-4DFA-829B-5288B8F41845}.Debug|Mixed Platforms.ActiveCfg = Debug|x86
		{8B79A0A5-6D34-4DFA-829B-5288B8F41845}.Debug|Mixed Platforms.Build.0 = Debug|x86
		{8B79A0A5-6D34-4DFA-829B-5288B8F41845}.Debug|x64.ActiveCfg = Debug|x86
		{8B79A0A5-6D34-4DFA-829B-5288B8F41845}.Debug|x86.ActiveCfg = Debug|x86
		{8B79A0A5-6D34-4DFA-829B-5288B8F41845}.Debug|x86.Build.0 = Debug|x86
		{8B79A0A5-6D34-4DFA-829B-5288B8F41845}.Release X64|Any CPU.ActiveCfg = Release|x86
		{8B79A0A5-6D34-4DFA-829B-5288B8F41845}.Release X64|Mixed Platforms.ActiveCfg = Release|x86
		{8B79A0A5-6D34-4DFA-829B-5288B8F41845}.Release X64|Mixed Platforms.Build.0 = Release|x86
		{8B79A0A5-6D34-4DFA-829B-5288B8F41845}.Release X64|x64.ActiveCfg = Release|x86
		{8B79A0A5-6D34-4DFA-829B-5288B8F41845}.Release X64|x86.ActiveCfg = Release|x86
		{8B79A0A5-6D34-4DFA-829B-5288B8F41845}.Release X64|x86.Build.0 = Release|x86
		{8B79A0A5-6D34-4DFA-829B-5288B8F41845}.Release X86|Any CPU.ActiveCfg = Release|x86
		{8B79A0A5-6D34-4DFA-829B-5288B8F41845}.Release X86|Mixed Platforms.ActiveCfg = Release|x86
		{8B79A0A5-6D34-4DFA-829B-5288B8F41845}.Release X86|Mixed Platforms.Build.0 = Release|x86
		{8B79A0A5-6D34-4DFA-829B-5288B8F41845}.Release X86|x64.ActiveCfg = Release|x86
		{8B79A0A5-6D34-4DFA-829B-5288B8F41845}.Release X86|x86.ActiveCfg = Release|x86
		{8B79A0A5-6D34-4DFA-829B-5288B8F41845}.Release X86|x86.Build.0 = Release|x86
		{8B79A0A5-6D34-4DFA-829B-5288B8F41845}.Release|Any CPU.ActiveCfg = Release|x86
		{8B79A0A5-6D34-4DFA-829B-5288B8F41845}.Release|Mixed Platforms.ActiveCfg = Release|x86
		{8B79A0A5-6D34-4DFA-829B-5288B8F41845}.Release|Mixed Platforms.Build.0 = Release|x86
		{8B79A0A5-6D34-4DFA-829B-5288B8F41845}.Release|x64.ActiveCfg = Release|x86
		{8B79A0A5-6D34-4DFA-829B-5288B8F41845}.Release|x86.ActiveCfg = Release|x86
		{8B79A0A5-6D34-4DFA-829B-5288B8F41845}.Release|x86.Build.0 = Release|x86
		{19A21753-4B07-4118-A1B6-35E14241D71E}.Debug Any CPU|Any CPU.ActiveCfg = Debug Any CPU|Any CPU
		{19A21753-4B07-4118-A1B6-35E14241D71E}.Debug Any CPU|Any CPU.Build.0 = Debug Any CPU|Any CPU
		{19A21753-4B07-4118-A1B6-35E14241D71E}.Debug Any CPU|Mixed Platforms.ActiveCfg = Debug Any CPU|Any CPU
		{19A21753-4B07-4118-A1B6-35E14241D71E}.Debug Any CPU|Mixed Platforms.Build.0 = Debug Any CPU|Any CPU
		{19A21753-4B07-4118-A1B6-35E14241D71E}.Debug Any CPU|x64.ActiveCfg = Debug Any CPU|Any CPU
		{19A21753-4B07-4118-A1B6-35E14241D71E}.Debug Any CPU|x86.ActiveCfg = Debug Any CPU|Any CPU
		{19A21753-4B07-4118-A1B6-35E14241D71E}.Debug|Any CPU.ActiveCfg = Debug|Any CPU
		{19A21753-4B07-4118-A1B6-35E14241D71E}.Debug|Any CPU.Build.0 = Debug|Any CPU
		{19A21753-4B07-4118-A1B6-35E14241D71E}.Debug|Mixed Platforms.ActiveCfg = Debug|Any CPU
		{19A21753-4B07-4118-A1B6-35E14241D71E}.Debug|Mixed Platforms.Build.0 = Debug|Any CPU
		{19A21753-4B07-4118-A1B6-35E14241D71E}.Debug|x64.ActiveCfg = Debug|Any CPU
		{19A21753-4B07-4118-A1B6-35E14241D71E}.Debug|x86.ActiveCfg = Debug|Any CPU
		{19A21753-4B07-4118-A1B6-35E14241D71E}.Release X64|Any CPU.ActiveCfg = Release|Any CPU
		{19A21753-4B07-4118-A1B6-35E14241D71E}.Release X64|Any CPU.Build.0 = Release|Any CPU
		{19A21753-4B07-4118-A1B6-35E14241D71E}.Release X64|Mixed Platforms.ActiveCfg = Release|Any CPU
		{19A21753-4B07-4118-A1B6-35E14241D71E}.Release X64|Mixed Platforms.Build.0 = Release|Any CPU
		{19A21753-4B07-4118-A1B6-35E14241D71E}.Release X64|x64.ActiveCfg = Release|Any CPU
		{19A21753-4B07-4118-A1B6-35E14241D71E}.Release X64|x86.ActiveCfg = Release|Any CPU
		{19A21753-4B07-4118-A1B6-35E14241D71E}.Release X86|Any CPU.ActiveCfg = Release|Any CPU
		{19A21753-4B07-4118-A1B6-35E14241D71E}.Release X86|Any CPU.Build.0 = Release|Any CPU
		{19A21753-4B07-4118-A1B6-35E14241D71E}.Release X86|Mixed Platforms.ActiveCfg = Release|Any CPU
		{19A21753-4B07-4118-A1B6-35E14241D71E}.Release X86|Mixed Platforms.Build.0 = Release|Any CPU
		{19A21753-4B07-4118-A1B6-35E14241D71E}.Release X86|x64.ActiveCfg = Release|Any CPU
		{19A21753-4B07-4118-A1B6-35E14241D71E}.Release X86|x86.ActiveCfg = Release|Any CPU
		{19A21753-4B07-4118-A1B6-35E14241D71E}.Release X86|x86.Build.0 = Release|Any CPU
		{19A21753-4B07-4118-A1B6-35E14241D71E}.Release|Any CPU.ActiveCfg = Release|Any CPU
		{19A21753-4B07-4118-A1B6-35E14241D71E}.Release|Any CPU.Build.0 = Release|Any CPU
		{19A21753-4B07-4118-A1B6-35E14241D71E}.Release|Mixed Platforms.ActiveCfg = Release|Any CPU
		{19A21753-4B07-4118-A1B6-35E14241D71E}.Release|Mixed Platforms.Build.0 = Release|Any CPU
		{19A21753-4B07-4118-A1B6-35E14241D71E}.Release|x64.ActiveCfg = Release|Any CPU
		{19A21753-4B07-4118-A1B6-35E14241D71E}.Release|x86.ActiveCfg = Release|Any CPU
		{018675A1-5842-4914-820F-2B956366234C}.Debug Any CPU|Any CPU.ActiveCfg = Debug Any CPU|Any CPU
		{018675A1-5842-4914-820F-2B956366234C}.Debug Any CPU|Any CPU.Build.0 = Debug Any CPU|Any CPU
		{018675A1-5842-4914-820F-2B956366234C}.Debug Any CPU|Mixed Platforms.ActiveCfg = Debug Any CPU|Any CPU
		{018675A1-5842-4914-820F-2B956366234C}.Debug Any CPU|Mixed Platforms.Build.0 = Debug Any CPU|Any CPU
		{018675A1-5842-4914-820F-2B956366234C}.Debug Any CPU|x64.ActiveCfg = Debug Any CPU|Any CPU
		{018675A1-5842-4914-820F-2B956366234C}.Debug Any CPU|x86.ActiveCfg = Debug Any CPU|Any CPU
		{018675A1-5842-4914-820F-2B956366234C}.Debug|Any CPU.ActiveCfg = Debug|Any CPU
		{018675A1-5842-4914-820F-2B956366234C}.Debug|Any CPU.Build.0 = Debug|Any CPU
		{018675A1-5842-4914-820F-2B956366234C}.Debug|Mixed Platforms.ActiveCfg = Debug|Any CPU
		{018675A1-5842-4914-820F-2B956366234C}.Debug|Mixed Platforms.Build.0 = Debug|Any CPU
		{018675A1-5842-4914-820F-2B956366234C}.Debug|x64.ActiveCfg = Debug|Any CPU
		{018675A1-5842-4914-820F-2B956366234C}.Debug|x86.ActiveCfg = Debug|Any CPU
		{018675A1-5842-4914-820F-2B956366234C}.Release X64|Any CPU.ActiveCfg = Release|Any CPU
		{018675A1-5842-4914-820F-2B956366234C}.Release X64|Any CPU.Build.0 = Release|Any CPU
		{018675A1-5842-4914-820F-2B956366234C}.Release X64|Mixed Platforms.ActiveCfg = Release|Any CPU
		{018675A1-5842-4914-820F-2B956366234C}.Release X64|Mixed Platforms.Build.0 = Release|Any CPU
		{018675A1-5842-4914-820F-2B956366234C}.Release X64|x64.ActiveCfg = Release|Any CPU
		{018675A1-5842-4914-820F-2B956366234C}.Release X64|x86.ActiveCfg = Release|Any CPU
		{018675A1-5842-4914-820F-2B956366234C}.Release X86|Any CPU.ActiveCfg = Release|Any CPU
		{018675A1-5842-4914-820F-2B956366234C}.Release X86|Any CPU.Build.0 = Release|Any CPU
		{018675A1-5842-4914-820F-2B956366234C}.Release X86|Mixed Platforms.ActiveCfg = Release|Any CPU
		{018675A1-5842-4914-820F-2B956366234C}.Release X86|Mixed Platforms.Build.0 = Release|Any CPU
		{018675A1-5842-4914-820F-2B956366234C}.Release X86|x64.ActiveCfg = Release|Any CPU
		{018675A1-5842-4914-820F-2B956366234C}.Release X86|x86.ActiveCfg = Release|Any CPU
		{018675A1-5842-4914-820F-2B956366234C}.Release|Any CPU.ActiveCfg = Release|Any CPU
		{018675A1-5842-4914-820F-2B956366234C}.Release|Any CPU.Build.0 = Release|Any CPU
		{018675A1-5842-4914-820F-2B956366234C}.Release|Mixed Platforms.ActiveCfg = Release|Any CPU
		{018675A1-5842-4914-820F-2B956366234C}.Release|Mixed Platforms.Build.0 = Release|Any CPU
		{018675A1-5842-4914-820F-2B956366234C}.Release|x64.ActiveCfg = Release|Any CPU
		{018675A1-5842-4914-820F-2B956366234C}.Release|x86.ActiveCfg = Release|Any CPU
		{7684EFF6-B8EB-4AE1-BAE1-31E5B7978B17}.Debug Any CPU|Any CPU.ActiveCfg = Debug Any CPU|Any CPU
		{7684EFF6-B8EB-4AE1-BAE1-31E5B7978B17}.Debug Any CPU|Any CPU.Build.0 = Debug Any CPU|Any CPU
		{7684EFF6-B8EB-4AE1-BAE1-31E5B7978B17}.Debug Any CPU|Mixed Platforms.ActiveCfg = Debug Any CPU|Any CPU
		{7684EFF6-B8EB-4AE1-BAE1-31E5B7978B17}.Debug Any CPU|Mixed Platforms.Build.0 = Debug Any CPU|Any CPU
		{7684EFF6-B8EB-4AE1-BAE1-31E5B7978B17}.Debug Any CPU|x64.ActiveCfg = Debug Any CPU|Any CPU
		{7684EFF6-B8EB-4AE1-BAE1-31E5B7978B17}.Debug Any CPU|x86.ActiveCfg = Debug Any CPU|Any CPU
		{7684EFF6-B8EB-4AE1-BAE1-31E5B7978B17}.Debug|Any CPU.ActiveCfg = Debug|Any CPU
		{7684EFF6-B8EB-4AE1-BAE1-31E5B7978B17}.Debug|Any CPU.Build.0 = Debug|Any CPU
		{7684EFF6-B8EB-4AE1-BAE1-31E5B7978B17}.Debug|Mixed Platforms.ActiveCfg = Debug|Any CPU
		{7684EFF6-B8EB-4AE1-BAE1-31E5B7978B17}.Debug|Mixed Platforms.Build.0 = Debug|Any CPU
		{7684EFF6-B8EB-4AE1-BAE1-31E5B7978B17}.Debug|x64.ActiveCfg = Debug|Any CPU
		{7684EFF6-B8EB-4AE1-BAE1-31E5B7978B17}.Debug|x86.ActiveCfg = Debug|Any CPU
		{7684EFF6-B8EB-4AE1-BAE1-31E5B7978B17}.Release X64|Any CPU.ActiveCfg = Release|Any CPU
		{7684EFF6-B8EB-4AE1-BAE1-31E5B7978B17}.Release X64|Any CPU.Build.0 = Release|Any CPU
		{7684EFF6-B8EB-4AE1-BAE1-31E5B7978B17}.Release X64|Mixed Platforms.ActiveCfg = Release|Any CPU
		{7684EFF6-B8EB-4AE1-BAE1-31E5B7978B17}.Release X64|Mixed Platforms.Build.0 = Release|Any CPU
		{7684EFF6-B8EB-4AE1-BAE1-31E5B7978B17}.Release X64|x64.ActiveCfg = Release|Any CPU
		{7684EFF6-B8EB-4AE1-BAE1-31E5B7978B17}.Release X64|x86.ActiveCfg = Release|Any CPU
		{7684EFF6-B8EB-4AE1-BAE1-31E5B7978B17}.Release X86|Any CPU.ActiveCfg = Release|Any CPU
		{7684EFF6-B8EB-4AE1-BAE1-31E5B7978B17}.Release X86|Any CPU.Build.0 = Release|Any CPU
		{7684EFF6-B8EB-4AE1-BAE1-31E5B7978B17}.Release X86|Mixed Platforms.ActiveCfg = Release|Any CPU
		{7684EFF6-B8EB-4AE1-BAE1-31E5B7978B17}.Release X86|Mixed Platforms.Build.0 = Release|Any CPU
		{7684EFF6-B8EB-4AE1-BAE1-31E5B7978B17}.Release X86|x64.ActiveCfg = Release|Any CPU
		{7684EFF6-B8EB-4AE1-BAE1-31E5B7978B17}.Release X86|x86.ActiveCfg = Release|Any CPU
		{7684EFF6-B8EB-4AE1-BAE1-31E5B7978B17}.Release|Any CPU.ActiveCfg = Release|Any CPU
		{7684EFF6-B8EB-4AE1-BAE1-31E5B7978B17}.Release|Any CPU.Build.0 = Release|Any CPU
		{7684EFF6-B8EB-4AE1-BAE1-31E5B7978B17}.Release|Mixed Platforms.ActiveCfg = Release|Any CPU
		{7684EFF6-B8EB-4AE1-BAE1-31E5B7978B17}.Release|Mixed Platforms.Build.0 = Release|Any CPU
		{7684EFF6-B8EB-4AE1-BAE1-31E5B7978B17}.Release|x64.ActiveCfg = Release|Any CPU
		{7684EFF6-B8EB-4AE1-BAE1-31E5B7978B17}.Release|x86.ActiveCfg = Release|Any CPU
	EndGlobalSection
	GlobalSection(SolutionProperties) = preSolution
		HideSolutionNode = FALSE
	EndGlobalSection
EndGlobal
